
Microsoft Visual Studio Solution File, Format Version 12.00
# Visual Studio Version 16
VisualStudioVersion = 16.0.30804.86
MinimumVisualStudioVersion = 10.0.40219.1
Project("{FAE04EC0-301F-11D3-BF4B-00C04F79EFBC}") = "ColorsInImage", "ColorsInImage\ColorsInImage.csproj", "{CC91C364-687F-4092-BFAB-799A27124DEC}"
EndProject
Global
	GlobalSection(SolutionConfigurationPlatforms) = preSolution
		Debug|Any CPU = Debug|Any CPU
		Release|Any CPU = Release|Any CPU
	EndGlobalSection
	GlobalSection(ProjectConfigurationPlatforms) = postSolution
		{CC91C364-687F-4092-BFAB-799A27124DEC}.Debug|Any CPU.ActiveCfg = Debug|Any CPU
		{CC91C364-687F-4092-BFAB-799A27124DEC}.Debug|Any CPU.Build.0 = Debug|Any CPU
		{CC91C364-687F-4092-BFAB-799A27124DEC}.Release|Any CPU.ActiveCfg = Release|Any CPU
		{CC91C364-687F-4092-BFAB-799A27124DEC}.Release|Any CPU.Build.0 = Release|Any CPU
	EndGlobalSection
	GlobalSection(SolutionProperties) = preSolution
		HideSolutionNode = FALSE
	EndGlobalSection
	GlobalSection(ExtensibilityGlobals) = postSolution
		SolutionGuid = {7E39A069-CF05-49E2-ADA9-1B6EF3BD484C}
	EndGlobalSection
EndGlobal
